Microsoft Visual Studio Solution File, Format Version 12.00
# Visual Studio Version 17
VisualStudioVersion = 17.5.2.0
MinimumVisualStudioVersion = 10.0.40219.1
Project("{FAE04EC0-301F-11D3-BF4B-00C04F79EFBC}") = "001InputOutput", "001InputOutput\001InputOutput.csproj", "{5F35A837-AFC0-22F6-E3EE-B703EBE3951B}"
EndProject
Project("{FAE04EC0-301F-11D3-BF4B-00C04F79EFBC}") = "002Input", "002Input\002Input.csproj", "{A61161A8-B0A9-E38C-3578-91193C856B94}"
EndProject
Project("{FAE04EC0-301F-11D3-BF4B-00C04F79EFBC}") = "003Variables", "003Variables\003Variables.csproj", "{500A2823-F767-5696-3022-91EFF520D191}"
EndProject
Project("{FAE04EC0-301F-11D3-BF4B-00C04F79EFBC}") = "004Selection", "004Selection\004Selection.csproj", "{CCBF5802-A184-C244-E1B2-28006BBBA9DF}"
EndProject
Project("{FAE04EC0-301F-11D3-BF4B-00C04F79EFBC}") = "005Switch", "005Switch\005Switch.csproj", "{F67AACAF-3AB8-BF4B-6D7F-449243BCACA2}"
EndProject
Project("{FAE04EC0-301F-11D3-BF4B-00C04F79EFBC}") = "007PseudoCode", "007PseudoCode\007PseudoCode.csproj", "{294EA2D7-DCBE-A3A1-763D-916B781682D0}"
EndProject
Project("{FAE04EC0-301F-11D3-BF4B-00C04F79EFBC}") = "008ForLoops", "008ForLoops\008ForLoops.csproj", "{B8B0162D-0722-ECE1-E820-B4CF112F16C1}"
EndProject
Project("{FAE04EC0-301F-11D3-BF4B-00C04F79EFBC}") = "009WhileLoop", "009WhileLoop\009WhileLoop.csproj", "{E2733D87-FA12-E771-FBE6-9D14F60EB85A}"
EndProject
Project("{FAE04EC0-301F-11D3-BF4B-00C04F79EFBC}") = "010DoWhileLoop", "010DoWhileLoop\010DoWhileLoop.csproj", "{BCC7D060-4548-2AAF-8EAA-BD9FB221603A}"
EndProject
Project("{FAE04EC0-301F-11D3-BF4B-00C04F79EFBC}") = "011TryCatch", "011TryCatch\011TryCatch.csproj", "{617FA173-2132-6569-1680-FE1E901A81B4}"
EndProject
Project("{FAE04EC0-301F-11D3-BF4B-00C04F79EFBC}") = "012MethodNoReturn", "012MethodNoReturn\012MethodNoReturn.csproj", "{1546A2F4-8EA2-4A49-8976-48996828B59E}"
EndProject
Project("{FAE04EC0-301F-11D3-BF4B-00C04F79EFBC}") = "013MethodNoReturnPara", "013MethodNoReturnPara\013MethodNoReturnPara.csproj", "{23B9B865-E9BA-EF4D-19F3-A07D4348DFF2}"
EndProject
Project("{FAE04EC0-301F-11D3-BF4B-00C04F79EFBC}") = "014SingleDArray", "014SingleDArray\014SingleDArray.csproj", "{D61E372E-C02E-2AFF-32E1-FB155834AB12}"
EndProject
Project("{FAE04EC0-301F-11D3-BF4B-00C04F79EFBC}") = "015MultiDArray", "015MultiDArray\015MultiDArray.csproj", "{29AE6720-7A6E-0841-9040-F89F8950D5DA}"
EndProject
Project("{FAE04EC0-301F-11D3-BF4B-00C04F79EFBC}") = "016SGMS", "016SGMS\016SGMS.csproj", "{8B7BC36D-B080-3770-3D28-6D83113621D3}"
EndProject
Project("{FAE04EC0-301F-11D3-BF4B-00C04F79EFBC}") = "101MethodVersion", "101MethodVersion\101MethodVersion.csproj", "{BA6B4AFD-FEED-2B68-E9A0-9C9F315F9C99}"
EndProject
Project("{FAE04EC0-301F-11D3-BF4B-00C04F79EFBC}") = "101PseudoCodeBSearch", "101PseudoCodeBSearch\101PseudoCodeBSearch.csproj", "{F8A900E5-0089-F681-46EF-9C1FD969F0A5}"
EndProject
Project("{FAE04EC0-301F-11D3-BF4B-00C04F79EFBC}") = "101PseudoCodeQ6", "101PseudoCodeQ6\101PseudoCodeQ6.csproj", "{9813F57F-406E-4D35-B20E-D6B759132286}"
EndProject
Project("{FAE04EC0-301F-11D3-BF4B-00C04F79EFBC}") = "102FootballExt", "102FootballExt\102FootballExt.csproj", "{67D53A9D-8530-40A0-429E-F9FBE080FD60}"
EndProject
Project("{FAE04EC0-301F-11D3-BF4B-00C04F79EFBC}") = "103PseudoMean", "103PseudoMean\103PseudoMean.csproj", "{9BBC5190-4230-C9E0-A0A0-1E877E753CD4}"
EndProject
Project("{FAE04EC0-301F-11D3-BF4B-00C04F79EFBC}") = "HelloWorld", "HelloWorld\HelloWorld.csproj", "{3A798C92-DA22-B784-11D5-249F2DEA19E6}"
EndProject
Project("{FAE04EC0-301F-11D3-BF4B-00C04F79EFBC}") = "MiniProject", "MiniProject\MiniProject.csproj", "{B8A9F900-0581-04F9-EB52-155E156CCCD6}"
EndProject
Global
	GlobalSection(SolutionConfigurationPlatforms) = preSolution
		Debug|Any CPU = Debug|Any CPU
		Release|Any CPU = Release|Any CPU
	EndGlobalSection
	GlobalSection(ProjectConfigurationPlatforms) = postSolution
		{5F35A837-AFC0-22F6-E3EE-B703EBE3951B}.Debug|Any CPU.ActiveCfg = Debug|Any CPU
		{5F35A837-AFC0-22F6-E3EE-B703EBE3951B}.Debug|Any CPU.Build.0 = Debug|Any CPU
		{5F35A837-AFC0-22F6-E3EE-B703EBE3951B}.Release|Any CPU.ActiveCfg = Release|Any CPU
		{5F35A837-AFC0-22F6-E3EE-B703EBE3951B}.Release|Any CPU.Build.0 = Release|Any CPU
		{A61161A8-B0A9-E38C-3578-91193C856B94}.Debug|Any CPU.ActiveCfg = Debug|Any CPU
		{A61161A8-B0A9-E38C-3578-91193C856B94}.Debug|Any CPU.Build.0 = Debug|Any CPU
		{A61161A8-B0A9-E38C-3578-91193C856B94}.Release|Any CPU.ActiveCfg = Release|Any CPU
		{A61161A8-B0A9-E38C-3578-91193C856B94}.Release|Any CPU.Build.0 = Release|Any CPU
		{500A2823-F767-5696-3022-91EFF520D191}.Debug|Any CPU.ActiveCfg = Debug|Any CPU
		{500A2823-F767-5696-3022-91EFF520D191}.Debug|Any CPU.Build.0 = Debug|Any CPU
		{500A2823-F767-5696-3022-91EFF520D191}.Release|Any CPU.ActiveCfg = Release|Any CPU
		{500A2823-F767-5696-3022-91EFF520D191}.Release|Any CPU.Build.0 = Release|Any CPU
		{CCBF5802-A184-C244-E1B2-28006BBBA9DF}.Debug|Any CPU.ActiveCfg = Debug|Any CPU
		{CCBF5802-A184-C244-E1B2-28006BBBA9DF}.Debug|Any CPU.Build.0 = Debug|Any CPU
		{CCBF5802-A184-C244-E1B2-28006BBBA9DF}.Release|Any CPU.ActiveCfg = Release|Any CPU
		{CCBF5802-A184-C244-E1B2-28006BBBA9DF}.Release|Any CPU.Build.0 = Release|Any CPU
		{F67AACAF-3AB8-BF4B-6D7F-449243BCACA2}.Debug|Any CPU.ActiveCfg = Debug|Any CPU
		{F67AACAF-3AB8-BF4B-6D7F-449243BCACA2}.Debug|Any CPU.Build.0 = Debug|Any CPU
		{F67AACAF-3AB8-BF4B-6D7F-449243BCACA2}.Release|Any CPU.ActiveCfg = Release|Any CPU
		{F67AACAF-3AB8-BF4B-6D7F-449243BCACA2}.Release|Any CPU.Build.0 = Release|Any CPU
		{294EA2D7-DCBE-A3A1-763D-916B781682D0}.Debug|Any CPU.ActiveCfg = Debug|Any CPU
		{294EA2D7-DCBE-A3A1-763D-916B781682D0}.Debug|Any CPU.Build.0 = Debug|Any CPU
		{294EA2D7-DCBE-A3A1-763D-916B781682D0}.Release|Any CPU.ActiveCfg = Release|Any CPU
		{294EA2D7-DCBE-A3A1-763D-916B781682D0}.Release|Any CPU.Build.0 = Release|Any CPU
		{B8B0162D-0722-ECE1-E820-B4CF112F16C1}.Debug|Any CPU.ActiveCfg = Debug|Any CPU
		{B8B0162D-0722-ECE1-E820-B4CF112F16C1}.Debug|Any CPU.Build.0 = Debug|Any CPU
		{B8B0162D-0722-ECE1-E820-B4CF112F16C1}.Release|Any CPU.ActiveCfg = Release|Any CPU
		{B8B0162D-0722-ECE1-E820-B4CF112F16C1}.Release|Any CPU.Build.0 = Release|Any CPU
		{E2733D87-FA12-E771-FBE6-9D14F60EB85A}.Debug|Any CPU.ActiveCfg = Debug|Any CPU
		{E2733D87-FA12-E771-FBE6-9D14F60EB85A}.Debug|Any CPU.Build.0 = Debug|Any CPU
		{E2733D87-FA12-E771-FBE6-9D14F60EB85A}.Release|Any CPU.ActiveCfg = Release|Any CPU
		{E2733D87-FA12-E771-FBE6-9D14F60EB85A}.Release|Any CPU.Build.0 = Release|Any CPU
		{BCC7D060-4548-2AAF-8EAA-BD9FB221603A}.Debug|Any CPU.ActiveCfg = Debug|Any CPU
		{BCC7D060-4548-2AAF-8EAA-BD9FB221603A}.Debug|Any CPU.Build.0 = Debug|Any CPU
		{BCC7D060-4548-2AAF-8EAA-BD9FB221603A}.Release|Any CPU.ActiveCfg = Release|Any CPU
		{BCC7D060-4548-2AAF-8EAA-BD9FB221603A}.Release|Any CPU.Build.0 = Release|Any CPU
		{617FA173-2132-6569-1680-FE1E901A81B4}.Debug|Any CPU.ActiveCfg = Debug|Any CPU
		{617FA173-2132-6569-1680-FE1E901A81B4}.Debug|Any CPU.Build.0 = Debug|Any CPU
		{617FA173-2132-6569-1680-FE1E901A81B4}.Release|Any CPU.ActiveCfg = Release|Any CPU
		{617FA173-2132-6569-1680-FE1E901A81B4}.Release|Any CPU.Build.0 = Release|Any CPU
		{1546A2F4-8EA2-4A49-8976-48996828B59E}.Debug|Any CPU.ActiveCfg = Debug|Any CPU
		{1546A2F4-8EA2-4A49-8976-48996828B59E}.Debug|Any CPU.Build.0 = Debug|Any CPU
		{1546A2F4-8EA2-4A49-8976-48996828B59E}.Release|Any CPU.ActiveCfg = Release|Any CPU
		{1546A2F4-8EA2-4A49-8976-48996828B59E}.Release|Any CPU.Build.0 = Release|Any CPU
		{23B9B865-E9BA-EF4D-19F3-A07D4348DFF2}.Debug|Any CPU.ActiveCfg = Debug|Any CPU
		{23B9B865-E9BA-EF4D-19F3-A07D4348DFF2}.Debug|Any CPU.Build.0 = Debug|Any CPU
		{23B9B865-E9BA-EF4D-19F3-A07D4348DFF2}.Release|Any CPU.ActiveCfg = Release|Any CPU
		{23B9B865-E9BA-EF4D-19F3-A07D4348DFF2}.Release|Any CPU.Build.0 = Release|Any CPU
		{D61E372E-C02E-2AFF-32E1-FB155834AB12}.Debug|Any CPU.ActiveCfg = Debug|Any CPU
		{D61E372E-C02E-2AFF-32E1-FB155834AB12}.Debug|Any CPU.Build.0 = Debug|Any CPU
		{D61E372E-C02E-2AFF-32E1-FB155834AB12}.Release|Any CPU.ActiveCfg = Release|Any CPU
		{D61E372E-C02E-2AFF-32E1-FB155834AB12}.Release|Any CPU.Build.0 = Release|Any CPU
		{29AE6720-7A6E-0841-9040-F89F8950D5DA}.Debug|Any CPU.ActiveCfg = Debug|Any CPU
		{29AE6720-7A6E-0841-9040-F89F8950D5DA}.Debug|Any CPU.Build.0 = Debug|Any CPU
		{29AE6720-7A6E-0841-9040-F89F8950D5DA}.Release|Any CPU.ActiveCfg = Release|Any CPU
		{29AE6720-7A6E-0841-9040-F89F8950D5DA}.Release|Any CPU.Build.0 = Release|Any CPU
		{8B7BC36D-B080-3770-3D28-6D83113621D3}.Debug|Any CPU.ActiveCfg = Debug|Any CPU
		{8B7BC36D-B080-3770-3D28-6D83113621D3}.Debug|Any CPU.Build.0 = Debug|Any CPU
		{8B7BC36D-B080-3770-3D28-6D83113621D3}.Release|Any CPU.ActiveCfg = Release|Any CPU
		{8B7BC36D-B080-3770-3D28-6D83113621D3}.Release|Any CPU.Build.0 = Release|Any CPU
		{BA6B4AFD-FEED-2B68-E9A0-9C9F315F9C99}.Debug|Any CPU.ActiveCfg = Debug|Any CPU
		{BA6B4AFD-FEED-2B68-E9A0-9C9F315F9C99}.Debug|Any CPU.Build.0 = Debug|Any CPU
		{BA6B4AFD-FEED-2B68-E9A0-9C9F315F9C99}.Release|Any CPU.ActiveCfg = Release|Any CPU
		{BA6B4AFD-FEED-2B68-E9A0-9C9F315F9C99}.Release|Any CPU.Build.0 = Release|Any CPU
		{F8A900E5-0089-F681-46EF-9C1FD969F0A5}.Debug|Any CPU.ActiveCfg = Debug|Any CPU
		{F8A900E5-0089-F681-46EF-9C1FD969F0A5}.Debug|Any CPU.Build.0 = Debug|Any CPU
		{F8A900E5-0089-F681-46EF-9C1FD969F0A5}.Release|Any CPU.ActiveCfg = Release|Any CPU
		{F8A900E5-0089-F681-46EF-9C1FD969F0A5}.Release|Any CPU.Build.0 = Release|Any CPU
		{9813F57F-406E-4D35-B20E-D6B759132286}.Debug|Any CPU.ActiveCfg = Debug|Any CPU
		{9813F57F-406E-4D35-B20E-D6B759132286}.Debug|Any CPU.Build.0 = Debug|Any CPU
		{9813F57F-406E-4D35-B20E-D6B759132286}.Release|Any CPU.ActiveCfg = Release|Any CPU
		{9813F57F-406E-4D35-B20E-D6B759132286}.Release|Any CPU.Build.0 = Release|Any CPU
		{67D53A9D-8530-40A0-429E-F9FBE080FD60}.Debug|Any CPU.ActiveCfg = Debug|Any CPU
		{67D53A9D-8530-40A0-429E-F9FBE080FD60}.Debug|Any CPU.Build.0 = Debug|Any CPU
		{67D53A9D-8530-40A0-429E-F9FBE080FD60}.Release|Any CPU.ActiveCfg = Release|Any CPU
		{67D53A9D-8530-40A0-429E-F9FBE080FD60}.Release|Any CPU.Build.0 = Release|Any CPU
		{9BBC5190-4230-C9E0-A0A0-1E877E753CD4}.Debug|Any CPU.ActiveCfg = Debug|Any CPU
		{9BBC5190-4230-C9E0-A0A0-1E877E753CD4}.Debug|Any CPU.Build.0 = Debug|Any CPU
		{9BBC5190-4230-C9E0-A0A0-1E877E753CD4}.Release|Any CPU.ActiveCfg = Release|Any CPU
		{9BBC5190-4230-C9E0-A0A0-1E877E753CD4}.Release|Any CPU.Build.0 = Release|Any CPU
		{3A798C92-DA22-B784-11D5-249F2DEA19E6}.Debug|Any CPU.ActiveCfg = Debug|Any CPU
		{3A798C92-DA22-B784-11D5-249F2DEA19E6}.Debug|Any CPU.Build.0 = Debug|Any CPU
		{3A798C92-DA22-B784-11D5-249F2DEA19E6}.Release|Any CPU.ActiveCfg = Release|Any CPU
		{3A798C92-DA22-B784-11D5-249F2DEA19E6}.Release|Any CPU.Build.0 = Release|Any CPU
		{B8A9F900-0581-04F9-EB52-155E156CCCD6}.Debug|Any CPU.ActiveCfg = Debug|Any CPU
		{B8A9F900-0581-04F9-EB52-155E156CCCD6}.Debug|Any CPU.Build.0 = Debug|Any CPU
		{B8A9F900-0581-04F9-EB52-155E156CCCD6}.Release|Any CPU.ActiveCfg = Release|Any CPU
		{B8A9F900-0581-04F9-EB52-155E156CCCD6}.Release|Any CPU.Build.0 = Release|Any CPU
	EndGlobalSection
	GlobalSection(SolutionProperties) = preSolution
		HideSolutionNode = FALSE
	EndGlobalSection
	GlobalSection(ExtensibilityGlobals) = postSolution
		SolutionGuid = {4E0345A3-5E7C-49DA-962D-A12D521B6BFC}
	EndGlobalSection
EndGlobal
