Microsoft Visual Studio Solution File, Format Version 12.00
# Visual Studio Version 17
VisualStudioVersion = 17.5.2.0
MinimumVisualStudioVersion = 10.0.40219.1
Project("{FAE04EC0-301F-11D3-BF4B-00C04F79EFBC}") = "001InputOutput", "001InputOutput\001InputOutput.csproj", "{5F35A837-AFC0-22F6-E3EE-B703EBE3951B}"
EndProject
Project("{FAE04EC0-301F-11D3-BF4B-00C04F79EFBC}") = "002Input", "002Input\002Input.csproj", "{A61161A8-B0A9-E38C-3578-91193C856B94}"
EndProject
Project("{FAE04EC0-301F-11D3-BF4B-00C04F79EFBC}") = "003Variables", "003Variables\003Variables.csproj", "{500A2823-F767-5696-3022-91EFF520D191}"
EndProject
Project("{FAE04EC0-301F-11D3-BF4B-00C04F79EFBC}") = "004Selection", "004Selection\004Selection.csproj", "{CCBF5802-A184-C244-E1B2-28006BBBA9DF}"
EndProject
Project("{FAE04EC0-301F-11D3-BF4B-00C04F79EFBC}") = "005Switch", "005Switch\005Switch.csproj", "{F67AACAF-3AB8-BF4B-6D7F-449243BCACA2}"
EndProject
Project("{FAE04EC0-301F-11D3-BF4B-00C04F79EFBC}") = "007PseudoCode", "007PseudoCode\007PseudoCode.csproj", "{294EA2D7-DCBE-A3A1-763D-916B781682D0}"
EndProject
Project("{FAE04EC0-301F-11D3-BF4B-00C04F79EFBC}") = "HelloWorld", "HelloWorld\HelloWorld.csproj", "{3A798C92-DA22-B784-11D5-249F2DEA19E6}"
EndProject
Global
	GlobalSection(SolutionConfigurationPlatforms) = preSolution
		Debug|Any CPU = Debug|Any CPU
		Release|Any CPU = Release|Any CPU
	EndGlobalSection
	GlobalSection(ProjectConfigurationPlatforms) = postSolution
		{5F35A837-AFC0-22F6-E3EE-B703EBE3951B}.Debug|Any CPU.ActiveCfg = Debug|Any CPU
		{5F35A837-AFC0-22F6-E3EE-B703EBE3951B}.Debug|Any CPU.Build.0 = Debug|Any CPU
		{5F35A837-AFC0-22F6-E3EE-B703EBE3951B}.Release|Any CPU.ActiveCfg = Release|Any CPU
		{5F35A837-AFC0-22F6-E3EE-B703EBE3951B}.Release|Any CPU.Build.0 = Release|Any CPU
		{A61161A8-B0A9-E38C-3578-91193C856B94}.Debug|Any CPU.ActiveCfg = Debug|Any CPU
		{A61161A8-B0A9-E38C-3578-91193C856B94}.Debug|Any CPU.Build.0 = Debug|Any CPU
		{A61161A8-B0A9-E38C-3578-91193C856B94}.Release|Any CPU.ActiveCfg = Release|Any CPU
		{A61161A8-B0A9-E38C-3578-91193C856B94}.Release|Any CPU.Build.0 = Release|Any CPU
		{500A2823-F767-5696-3022-91EFF520D191}.Debug|Any CPU.ActiveCfg = Debug|Any CPU
		{500A2823-F767-5696-3022-91EFF520D191}.Debug|Any CPU.Build.0 = Debug|Any CPU
		{500A2823-F767-5696-3022-91EFF520D191}.Release|Any CPU.ActiveCfg = Release|Any CPU
		{500A2823-F767-5696-3022-91EFF520D191}.Release|Any CPU.Build.0 = Release|Any CPU
		{CCBF5802-A184-C244-E1B2-28006BBBA9DF}.Debug|Any CPU.ActiveCfg = Debug|Any CPU
		{CCBF5802-A184-C244-E1B2-28006BBBA9DF}.Debug|Any CPU.Build.0 = Debug|Any CPU
		{CCBF5802-A184-C244-E1B2-28006BBBA9DF}.Release|Any CPU.ActiveCfg = Release|Any CPU
		{CCBF5802-A184-C244-E1B2-28006BBBA9DF}.Release|Any CPU.Build.0 = Release|Any CPU
		{F67AACAF-3AB8-BF4B-6D7F-449243BCACA2}.Debug|Any CPU.ActiveCfg = Debug|Any CPU
		{F67AACAF-3AB8-BF4B-6D7F-449243BCACA2}.Debug|Any CPU.Build.0 = Debug|Any CPU
		{F67AACAF-3AB8-BF4B-6D7F-449243BCACA2}.Release|Any CPU.ActiveCfg = Release|Any CPU
		{F67AACAF-3AB8-BF4B-6D7F-449243BCACA2}.Release|Any CPU.Build.0 = Release|Any CPU
		{294EA2D7-DCBE-A3A1-763D-916B781682D0}.Debug|Any CPU.ActiveCfg = Debug|Any CPU
		{294EA2D7-DCBE-A3A1-763D-916B781682D0}.Debug|Any CPU.Build.0 = Debug|Any CPU
		{294EA2D7-DCBE-A3A1-763D-916B781682D0}.Release|Any CPU.ActiveCfg = Release|Any CPU
		{294EA2D7-DCBE-A3A1-763D-916B781682D0}.Release|Any CPU.Build.0 = Release|Any CPU
		{3A798C92-DA22-B784-11D5-249F2DEA19E6}.Debug|Any CPU.ActiveCfg = Debug|Any CPU
		{3A798C92-DA22-B784-11D5-249F2DEA19E6}.Debug|Any CPU.Build.0 = Debug|Any CPU
		{3A798C92-DA22-B784-11D5-249F2DEA19E6}.Release|Any CPU.ActiveCfg = Release|Any CPU
		{3A798C92-DA22-B784-11D5-249F2DEA19E6}.Release|Any CPU.Build.0 = Release|Any CPU
	EndGlobalSection
	GlobalSection(SolutionProperties) = preSolution
		HideSolutionNode = FALSE
	EndGlobalSection
	GlobalSection(ExtensibilityGlobals) = postSolution
		SolutionGuid = {ABA951B6-F3FA-4CB1-A6D7-909EC334E0D9}
	EndGlobalSection
EndGlobal
